
Microsoft Visual Studio Solution File, Format Version 12.00
# Visual Studio Version 17
VisualStudioVersion = 17.7.34003.232
MinimumVisualStudioVersion = 10.0.40219.1
Project("{9A19103F-16F7-4668-BE54-9A1E7A4F7556}") = "PayTBackApp", "RESTful_1\PayTBackApp.csproj", "{44344F01-2F31-46A5-AF37-53DEB4BE8B38}"
EndProject
Global
	GlobalSection(SolutionConfigurationPlatforms) = preSolution
		Debug|Any CPU = Debug|Any CPU
		Release|Any CPU = Release|Any CPU
	EndGlobalSection
	GlobalSection(ProjectConfigurationPlatforms) = postSolution
		{44344F01-2F31-46A5-AF37-53DEB4BE8B38}.Debug|Any CPU.ActiveCfg = Debug|Any CPU
		{44344F01-2F31-46A5-AF37-53DEB4BE8B38}.Debug|Any CPU.Build.0 = Debug|Any CPU
		{44344F01-2F31-46A5-AF37-53DEB4BE8B38}.Release|Any CPU.ActiveCfg = Release|Any CPU
		{44344F01-2F31-46A5-AF37-53DEB4BE8B38}.Release|Any CPU.Build.0 = Release|Any CPU
	EndGlobalSection
	GlobalSection(SolutionProperties) = preSolution
		HideSolutionNode = FALSE
	EndGlobalSection
	GlobalSection(ExtensibilityGlobals) = postSolution
		SolutionGuid = {454C5146-64D2-482F-9473-A84B3578C70E}
	EndGlobalSection
EndGlobal
